// !$*UTF8*$!
{
	archiveVersion = 1;
	classes = {
	};
	objectVersion = 70;
	objects = {

/* Begin PBXBuildFile section */
		001000000001 /* LeaderDojoApp.swift in Sources */ = {isa = PBXBuildFile; fileRef = 002000000001 /* LeaderDojoApp.swift */; };
		001000000002 /* ContentView.swift in Sources */ = {isa = PBXBuildFile; fileRef = 002000000002 /* ContentView.swift */; };
		001000000003 /* Project.swift in Sources */ = {isa = PBXBuildFile; fileRef = 002000000003 /* Project.swift */; };
		001000000004 /* Entry.swift in Sources */ = {isa = PBXBuildFile; fileRef = 002000000004 /* Entry.swift */; };
		001000000005 /* Commitment.swift in Sources */ = {isa = PBXBuildFile; fileRef = 002000000005 /* Commitment.swift */; };
		001000000006 /* Reflection.swift in Sources */ = {isa = PBXBuildFile; fileRef = 002000000006 /* Reflection.swift */; };
		001000000007 /* DashboardView.swift in Sources */ = {isa = PBXBuildFile; fileRef = 002000000007 /* DashboardView.swift */; };
		001000000008 /* ProjectsListView.swift in Sources */ = {isa = PBXBuildFile; fileRef = 002000000008 /* ProjectsListView.swift */; };
		001000000009 /* ProjectDetailView.swift in Sources */ = {isa = PBXBuildFile; fileRef = 002000000009 /* ProjectDetailView.swift */; };
		001000000010 /* NewEntryView.swift in Sources */ = {isa = PBXBuildFile; fileRef = 002000000010 /* NewEntryView.swift */; };
		001000000011 /* EntryDetailView.swift in Sources */ = {isa = PBXBuildFile; fileRef = 002000000011 /* EntryDetailView.swift */; };
		001000000012 /* PrepBriefingView.swift in Sources */ = {isa = PBXBuildFile; fileRef = 002000000012 /* PrepBriefingView.swift */; };
		001000000013 /* CommitmentsListView.swift in Sources */ = {isa = PBXBuildFile; fileRef = 002000000013 /* CommitmentsListView.swift */; };
		001000000014 /* CommitmentDetailView.swift in Sources */ = {isa = PBXBuildFile; fileRef = 002000000014 /* CommitmentDetailView.swift */; };
		001000000015 /* ReflectionsListView.swift in Sources */ = {isa = PBXBuildFile; fileRef = 002000000015 /* ReflectionsListView.swift */; };
		001000000016 /* NewReflectionView.swift in Sources */ = {isa = PBXBuildFile; fileRef = 002000000016 /* NewReflectionView.swift */; };
		001000000017 /* ReflectionDetailView.swift in Sources */ = {isa = PBXBuildFile; fileRef = 002000000017 /* ReflectionDetailView.swift */; };
		001000000018 /* CaptureView.swift in Sources */ = {isa = PBXBuildFile; fileRef = 002000000018 /* CaptureView.swift */; };
		001000000019 /* SettingsView.swift in Sources */ = {isa = PBXBuildFile; fileRef = 002000000019 /* SettingsView.swift */; };
		001000000020 /* AIService.swift in Sources */ = {isa = PBXBuildFile; fileRef = 002000000020 /* AIService.swift */; };
		001000000021 /* DataImportService.swift in Sources */ = {isa = PBXBuildFile; fileRef = 002000000021 /* DataImportService.swift */; };
		001000000022 /* KeychainManager.swift in Sources */ = {isa = PBXBuildFile; fileRef = 002000000022 /* KeychainManager.swift */; };
		001000000023 /* Extensions.swift in Sources */ = {isa = PBXBuildFile; fileRef = 002000000023 /* Extensions.swift */; };
		430C0B3C2ED961460035BE62 /* ContentView.swift in Sources */ = {isa = PBXBuildFile; fileRef = 002000000002 /* ContentView.swift */; };
		430C0B3D2ED961680035BE62 /* Reflection.swift in Sources */ = {isa = PBXBuildFile; fileRef = 002000000006 /* Reflection.swift */; };
		430C0B3E2ED961680035BE62 /* Commitment.swift in Sources */ = {isa = PBXBuildFile; fileRef = 002000000005 /* Commitment.swift */; };
		430C0B3F2ED961680035BE62 /* Project.swift in Sources */ = {isa = PBXBuildFile; fileRef = 002000000003 /* Project.swift */; };
		430C0B402ED961680035BE62 /* Entry.swift in Sources */ = {isa = PBXBuildFile; fileRef = 002000000004 /* Entry.swift */; };
		430C0B412ED9617E0035BE62 /* DashboardView.swift in Sources */ = {isa = PBXBuildFile; fileRef = 002000000007 /* DashboardView.swift */; };
		430C0B422ED961850035BE62 /* ProjectsListView.swift in Sources */ = {isa = PBXBuildFile; fileRef = 002000000008 /* ProjectsListView.swift */; };
		430C0B432ED961850035BE62 /* ProjectDetailView.swift in Sources */ = {isa = PBXBuildFile; fileRef = 002000000009 /* ProjectDetailView.swift */; };
		430C0B442ED9618B0035BE62 /* NewEntryView.swift in Sources */ = {isa = PBXBuildFile; fileRef = 002000000010 /* NewEntryView.swift */; };
		430C0B452ED9618B0035BE62 /* PrepBriefingView.swift in Sources */ = {isa = PBXBuildFile; fileRef = 002000000012 /* PrepBriefingView.swift */; };
		430C0B462ED9618B0035BE62 /* EntryDetailView.swift in Sources */ = {isa = PBXBuildFile; fileRef = 002000000011 /* EntryDetailView.swift */; };
		430C0B472ED961920035BE62 /* CommitmentsListView.swift in Sources */ = {isa = PBXBuildFile; fileRef = 002000000013 /* CommitmentsListView.swift */; };
		430C0B482ED961920035BE62 /* CommitmentDetailView.swift in Sources */ = {isa = PBXBuildFile; fileRef = 002000000014 /* CommitmentDetailView.swift */; };
		430C0B492ED961990035BE62 /* NewReflectionView.swift in Sources */ = {isa = PBXBuildFile; fileRef = 002000000016 /* NewReflectionView.swift */; };
		430C0B4A2ED961990035BE62 /* ReflectionsListView.swift in Sources */ = {isa = PBXBuildFile; fileRef = 002000000015 /* ReflectionsListView.swift */; };
		430C0B4B2ED961990035BE62 /* ReflectionDetailView.swift in Sources */ = {isa = PBXBuildFile; fileRef = 002000000017 /* ReflectionDetailView.swift */; };
		430C0B4C2ED9619F0035BE62 /* CaptureView.swift in Sources */ = {isa = PBXBuildFile; fileRef = 002000000018 /* CaptureView.swift */; };
		430C0B4D2ED961A50035BE62 /* SettingsView.swift in Sources */ = {isa = PBXBuildFile; fileRef = 002000000019 /* SettingsView.swift */; };
		430C0B4E2ED961B00035BE62 /* AIService.swift in Sources */ = {isa = PBXBuildFile; fileRef = 002000000020 /* AIService.swift */; };
		430C0B4F2ED961B00035BE62 /* DataImportService.swift in Sources */ = {isa = PBXBuildFile; fileRef = 002000000021 /* DataImportService.swift */; };
		430C0B502ED961B70035BE62 /* KeychainManager.swift in Sources */ = {isa = PBXBuildFile; fileRef = 002000000022 /* KeychainManager.swift */; };
		430C0B512ED961B70035BE62 /* Extensions.swift in Sources */ = {isa = PBXBuildFile; fileRef = 002000000023 /* Extensions.swift */; };
		43EA48B72ED97B440006D0E9 /* ActivityView.swift in Sources */ = {isa = PBXBuildFile; fileRef = 43EA48B52ED97B440006D0E9 /* ActivityView.swift */; };
		43EA48B82ED97B440006D0E9 /* ActivityView.swift in Sources */ = {isa = PBXBuildFile; fileRef = 43EA48B52ED97B440006D0E9 /* ActivityView.swift */; };
		43EA48BB2ED97B5D0006D0E9 /* SharedComponents.swift in Sources */ = {isa = PBXBuildFile; fileRef = 43EA48B92ED97B5D0006D0E9 /* SharedComponents.swift */; };
		43EA48BC2ED97B5D0006D0E9 /* SharedComponents.swift in Sources */ = {isa = PBXBuildFile; fileRef = 43EA48B92ED97B5D0006D0E9 /* SharedComponents.swift */; };
		43EA48BE2ED989710006D0E9 /* MarkdownText.swift in Sources */ = {isa = PBXBuildFile; fileRef = 43EA48BD2ED989710006D0E9 /* MarkdownText.swift */; };
		43EA48BF2ED989710006D0E9 /* MarkdownText.swift in Sources */ = {isa = PBXBuildFile; fileRef = 43EA48BD2ED989710006D0E9 /* MarkdownText.swift */; };
/* End PBXBuildFile section */

/* Begin PBXContainerItemProxy section */
		430C0B222ED95F380035BE62 /* PBXContainerItemProxy */ = {
			isa = PBXContainerItemProxy;
			containerPortal = 00A000000001 /* Project object */;
			proxyType = 1;
			remoteGlobalIDString = 430C0B142ED95F370035BE62;
			remoteInfo = LeaderDojoMac;
		};
		430C0B2C2ED95F380035BE62 /* PBXContainerItemProxy */ = {
			isa = PBXContainerItemProxy;
			containerPortal = 00A000000001 /* Project object */;
			proxyType = 1;
			remoteGlobalIDString = 430C0B142ED95F370035BE62;
			remoteInfo = LeaderDojoMac;
		};
/* End PBXContainerItemProxy section */

/* Begin PBXFileReference section */
		002000000001 /* LeaderDojoApp.swift */ = {isa = PBXFileReference; lastKnownFileType = sourcecode.swift; path = LeaderDojoApp.swift; sourceTree = "<group>"; };
		002000000002 /* ContentView.swift */ = {isa = PBXFileReference; lastKnownFileType = sourcecode.swift; path = ContentView.swift; sourceTree = "<group>"; };
		002000000003 /* Project.swift */ = {isa = PBXFileReference; lastKnownFileType = sourcecode.swift; path = Project.swift; sourceTree = "<group>"; };
		002000000004 /* Entry.swift */ = {isa = PBXFileReference; lastKnownFileType = sourcecode.swift; path = Entry.swift; sourceTree = "<group>"; };
		002000000005 /* Commitment.swift */ = {isa = PBXFileReference; lastKnownFileType = sourcecode.swift; path = Commitment.swift; sourceTree = "<group>"; };
		002000000006 /* Reflection.swift */ = {isa = PBXFileReference; lastKnownFileType = sourcecode.swift; path = Reflection.swift; sourceTree = "<group>"; };
		002000000007 /* DashboardView.swift */ = {isa = PBXFileReference; lastKnownFileType = sourcecode.swift; path = DashboardView.swift; sourceTree = "<group>"; };
		002000000008 /* ProjectsListView.swift */ = {isa = PBXFileReference; lastKnownFileType = sourcecode.swift; path = ProjectsListView.swift; sourceTree = "<group>"; };
		002000000009 /* ProjectDetailView.swift */ = {isa = PBXFileReference; lastKnownFileType = sourcecode.swift; path = ProjectDetailView.swift; sourceTree = "<group>"; };
		002000000010 /* NewEntryView.swift */ = {isa = PBXFileReference; lastKnownFileType = sourcecode.swift; path = NewEntryView.swift; sourceTree = "<group>"; };
		002000000011 /* EntryDetailView.swift */ = {isa = PBXFileReference; lastKnownFileType = sourcecode.swift; path = EntryDetailView.swift; sourceTree = "<group>"; };
		002000000012 /* PrepBriefingView.swift */ = {isa = PBXFileReference; lastKnownFileType = sourcecode.swift; path = PrepBriefingView.swift; sourceTree = "<group>"; };
		002000000013 /* CommitmentsListView.swift */ = {isa = PBXFileReference; lastKnownFileType = sourcecode.swift; path = CommitmentsListView.swift; sourceTree = "<group>"; };
		002000000014 /* CommitmentDetailView.swift */ = {isa = PBXFileReference; lastKnownFileType = sourcecode.swift; path = CommitmentDetailView.swift; sourceTree = "<group>"; };
		002000000015 /* ReflectionsListView.swift */ = {isa = PBXFileReference; lastKnownFileType = sourcecode.swift; path = ReflectionsListView.swift; sourceTree = "<group>"; };
		002000000016 /* NewReflectionView.swift */ = {isa = PBXFileReference; lastKnownFileType = sourcecode.swift; path = NewReflectionView.swift; sourceTree = "<group>"; };
		002000000017 /* ReflectionDetailView.swift */ = {isa = PBXFileReference; lastKnownFileType = sourcecode.swift; path = ReflectionDetailView.swift; sourceTree = "<group>"; };
		002000000018 /* CaptureView.swift */ = {isa = PBXFileReference; lastKnownFileType = sourcecode.swift; path = CaptureView.swift; sourceTree = "<group>"; };
		002000000019 /* SettingsView.swift */ = {isa = PBXFileReference; lastKnownFileType = sourcecode.swift; path = SettingsView.swift; sourceTree = "<group>"; };
		002000000020 /* AIService.swift */ = {isa = PBXFileReference; lastKnownFileType = sourcecode.swift; path = AIService.swift; sourceTree = "<group>"; };
		002000000021 /* DataImportService.swift */ = {isa = PBXFileReference; lastKnownFileType = sourcecode.swift; path = DataImportService.swift; sourceTree = "<group>"; };
		002000000022 /* KeychainManager.swift */ = {isa = PBXFileReference; lastKnownFileType = sourcecode.swift; path = KeychainManager.swift; sourceTree = "<group>"; };
		002000000023 /* Extensions.swift */ = {isa = PBXFileReference; lastKnownFileType = sourcecode.swift; path = Extensions.swift; sourceTree = "<group>"; };
		002000000024 /* LeaderDojo.entitlements */ = {isa = PBXFileReference; lastKnownFileType = text.plist.entitlements; path = LeaderDojo.entitlements; sourceTree = "<group>"; };
		002000000025 /* Info.plist */ = {isa = PBXFileReference; lastKnownFileType = text.plist.xml; path = Info.plist; sourceTree = "<group>"; };
		003000000001 /* LeaderDojo.app */ = {isa = PBXFileReference; explicitFileType = wrapper.application; includeInIndex = 0; path = LeaderDojo.app; sourceTree = BUILT_PRODUCTS_DIR; };
		430C0B152ED95F370035BE62 /* LeaderDojoMac.app */ = {isa = PBXFileReference; explicitFileType = wrapper.application; includeInIndex = 0; path = LeaderDojoMac.app; sourceTree = BUILT_PRODUCTS_DIR; };
		430C0B212ED95F380035BE62 /* LeaderDojoMacTests.xctest */ = {isa = PBXFileReference; explicitFileType = wrapper.cfbundle; includeInIndex = 0; path = LeaderDojoMacTests.xctest; sourceTree = BUILT_PRODUCTS_DIR; };
		430C0B2B2ED95F380035BE62 /* LeaderDojoMacUITests.xctest */ = {isa = PBXFileReference; explicitFileType = wrapper.cfbundle; includeInIndex = 0; path = LeaderDojoMacUITests.xctest; sourceTree = BUILT_PRODUCTS_DIR; };
		43EA48B52ED97B440006D0E9 /* ActivityView.swift */ = {isa = PBXFileReference; lastKnownFileType = sourcecode.swift; path = ActivityView.swift; sourceTree = "<group>"; };
		43EA48B92ED97B5D0006D0E9 /* SharedComponents.swift */ = {isa = PBXFileReference; lastKnownFileType = sourcecode.swift; path = SharedComponents.swift; sourceTree = "<group>"; };
		43EA48BD2ED989710006D0E9 /* MarkdownText.swift */ = {isa = PBXFileReference; lastKnownFileType = sourcecode.swift; path = MarkdownText.swift; sourceTree = "<group>"; };
/* End PBXFileReference section */

/* Begin PBXFileSystemSynchronizedRootGroup section */
		430C0B162ED95F370035BE62 /* LeaderDojoMac */ = {isa = PBXFileSystemSynchronizedRootGroup; explicitFileTypes = {}; explicitFolders = (); path = LeaderDojoMac; sourceTree = "<group>"; };
		430C0B242ED95F380035BE62 /* LeaderDojoMacTests */ = {isa = PBXFileSystemSynchronizedRootGroup; explicitFileTypes = {}; explicitFolders = (); path = LeaderDojoMacTests; sourceTree = "<group>"; };
		430C0B2E2ED95F380035BE62 /* LeaderDojoMacUITests */ = {isa = PBXFileSystemSynchronizedRootGroup; explicitFileTypes = {}; explicitFolders = (); path = LeaderDojoMacUITests; sourceTree = "<group>"; };
/* End PBXFileSystemSynchronizedRootGroup section */

/* Begin PBXFrameworksBuildPhase section */
		004000000001 /* Frameworks */ = {
			isa = PBXFrameworksBuildPhase;
			buildActionMask = 2147483647;
			files = (
			);
			runOnlyForDeploymentPostprocessing = 0;
		};
		430C0B122ED95F370035BE62 /* Frameworks */ = {
			isa = PBXFrameworksBuildPhase;
			buildActionMask = 2147483647;
			files = (
			);
			runOnlyForDeploymentPostprocessing = 0;
		};
		430C0B1E2ED95F380035BE62 /* Frameworks */ = {
			isa = PBXFrameworksBuildPhase;
			buildActionMask = 2147483647;
			files = (
			);
			runOnlyForDeploymentPostprocessing = 0;
		};
		430C0B282ED95F380035BE62 /* Frameworks */ = {
			isa = PBXFrameworksBuildPhase;
			buildActionMask = 2147483647;
			files = (
			);
			runOnlyForDeploymentPostprocessing = 0;
		};
/* End PBXFrameworksBuildPhase section */

/* Begin PBXGroup section */
		005000000001 = {
			isa = PBXGroup;
			children = (
				005000000002,
				430C0B162ED95F370035BE62 /* LeaderDojoMac */,
				430C0B242ED95F380035BE62 /* LeaderDojoMacTests */,
				430C0B2E2ED95F380035BE62 /* LeaderDojoMacUITests */,
				005000000003 /* Products */,
			);
			sourceTree = "<group>";
		};
		005000000002 = {
			isa = PBXGroup;
			children = (
				005000000004 /* App */,
				005000000005 /* Models */,
				005000000006 /* Views */,
				005000000011 /* Services */,
				005000000012 /* Utilities */,
				002000000024 /* LeaderDojo.entitlements */,
				002000000025 /* Info.plist */,
			);
			sourceTree = "<group>";
		};
		005000000003 /* Products */ = {
			isa = PBXGroup;
			children = (
				003000000001 /* LeaderDojo.app */,
				430C0B152ED95F370035BE62 /* LeaderDojoMac.app */,
				430C0B212ED95F380035BE62 /* LeaderDojoMacTests.xctest */,
				430C0B2B2ED95F380035BE62 /* LeaderDojoMacUITests.xctest */,
			);
			name = Products;
			sourceTree = "<group>";
		};
		005000000004 /* App */ = {
			isa = PBXGroup;
			children = (
				002000000001 /* LeaderDojoApp.swift */,
				002000000002 /* ContentView.swift */,
			);
			path = App;
			sourceTree = "<group>";
		};
		005000000005 /* Models */ = {
			isa = PBXGroup;
			children = (
				002000000003 /* Project.swift */,
				002000000004 /* Entry.swift */,
				002000000005 /* Commitment.swift */,
				002000000006 /* Reflection.swift */,
			);
			path = Models;
			sourceTree = "<group>";
		};
		005000000006 /* Views */ = {
			isa = PBXGroup;
			children = (
				005000000007 /* Dashboard */,
				005000000008 /* Projects */,
				005000000009 /* Entries */,
				00500000000A /* Commitments */,
				00500000000B /* Reflections */,
				00500000000C /* Capture */,
				00500000000D /* Settings */,
				43EA48B62ED97B440006D0E9 /* Activity */,
				43EA48BA2ED97B5D0006D0E9 /* Components */,
			);
			path = Views;
			sourceTree = "<group>";
		};
		005000000007 /* Dashboard */ = {
			isa = PBXGroup;
			children = (
				002000000007 /* DashboardView.swift */,
			);
			path = Dashboard;
			sourceTree = "<group>";
		};
		005000000008 /* Projects */ = {
			isa = PBXGroup;
			children = (
				002000000008 /* ProjectsListView.swift */,
				002000000009 /* ProjectDetailView.swift */,
			);
			path = Projects;
			sourceTree = "<group>";
		};
		005000000009 /* Entries */ = {
			isa = PBXGroup;
			children = (
				002000000010 /* NewEntryView.swift */,
				002000000011 /* EntryDetailView.swift */,
				002000000012 /* PrepBriefingView.swift */,
			);
			path = Entries;
			sourceTree = "<group>";
		};
		00500000000A /* Commitments */ = {
			isa = PBXGroup;
			children = (
				002000000013 /* CommitmentsListView.swift */,
				002000000014 /* CommitmentDetailView.swift */,
			);
			path = Commitments;
			sourceTree = "<group>";
		};
		00500000000B /* Reflections */ = {
			isa = PBXGroup;
			children = (
				002000000015 /* ReflectionsListView.swift */,
				002000000016 /* NewReflectionView.swift */,
				002000000017 /* ReflectionDetailView.swift */,
			);
			path = Reflections;
			sourceTree = "<group>";
		};
		00500000000C /* Capture */ = {
			isa = PBXGroup;
			children = (
				002000000018 /* CaptureView.swift */,
			);
			path = Capture;
			sourceTree = "<group>";
		};
		00500000000D /* Settings */ = {
			isa = PBXGroup;
			children = (
				002000000019 /* SettingsView.swift */,
			);
			path = Settings;
			sourceTree = "<group>";
		};
		005000000011 /* Services */ = {
			isa = PBXGroup;
			children = (
				002000000020 /* AIService.swift */,
				002000000021 /* DataImportService.swift */,
			);
			path = Services;
			sourceTree = "<group>";
		};
		005000000012 /* Utilities */ = {
			isa = PBXGroup;
			children = (
				002000000022 /* KeychainManager.swift */,
				002000000023 /* Extensions.swift */,
			);
			path = Utilities;
			sourceTree = "<group>";
		};
		43EA48B62ED97B440006D0E9 /* Activity */ = {
			isa = PBXGroup;
			children = (
				43EA48B52ED97B440006D0E9 /* ActivityView.swift */,
			);
			path = Activity;
			sourceTree = "<group>";
		};
		43EA48BA2ED97B5D0006D0E9 /* Components */ = {
			isa = PBXGroup;
			children = (
				43EA48BD2ED989710006D0E9 /* MarkdownText.swift */,
				43EA48B92ED97B5D0006D0E9 /* SharedComponents.swift */,
			);
			path = Components;
			sourceTree = "<group>";
		};
/* End PBXGroup section */

/* Begin PBXNativeTarget section */
		006000000001 /* LeaderDojo */ = {
			isa = PBXNativeTarget;
			buildConfigurationList = 007000000001 /* Build configuration list for PBXNativeTarget "LeaderDojo" */;
			buildPhases = (
				008000000001 /* Sources */,
				004000000001 /* Frameworks */,
				009000000001 /* Resources */,
			);
			buildRules = (
			);
			dependencies = (
			);
			name = LeaderDojo;
			productName = LeaderDojo;
			productReference = 003000000001 /* LeaderDojo.app */;
			productType = "com.apple.product-type.application";
		};
		430C0B142ED95F370035BE62 /* LeaderDojoMac */ = {
			isa = PBXNativeTarget;
			buildConfigurationList = 430C0B392ED95F380035BE62 /* Build configuration list for PBXNativeTarget "LeaderDojoMac" */;
			buildPhases = (
				430C0B112ED95F370035BE62 /* Sources */,
				430C0B122ED95F370035BE62 /* Frameworks */,
				430C0B132ED95F370035BE62 /* Resources */,
			);
			buildRules = (
			);
			dependencies = (
			);
			fileSystemSynchronizedGroups = (
				430C0B162ED95F370035BE62 /* LeaderDojoMac */,
			);
			name = LeaderDojoMac;
			packageProductDependencies = (
			);
			productName = LeaderDojoMac;
			productReference = 430C0B152ED95F370035BE62 /* LeaderDojoMac.app */;
			productType = "com.apple.product-type.application";
		};
		430C0B202ED95F380035BE62 /* LeaderDojoMacTests */ = {
			isa = PBXNativeTarget;
			buildConfigurationList = 430C0B3A2ED95F380035BE62 /* Build configuration list for PBXNativeTarget "LeaderDojoMacTests" */;
			buildPhases = (
				430C0B1D2ED95F380035BE62 /* Sources */,
				430C0B1E2ED95F380035BE62 /* Frameworks */,
				430C0B1F2ED95F380035BE62 /* Resources */,
			);
			buildRules = (
			);
			dependencies = (
				430C0B232ED95F380035BE62 /* PBXTargetDependency */,
			);
			fileSystemSynchronizedGroups = (
				430C0B242ED95F380035BE62 /* LeaderDojoMacTests */,
			);
			name = LeaderDojoMacTests;
			packageProductDependencies = (
			);
			productName = LeaderDojoMacTests;
			productReference = 430C0B212ED95F380035BE62 /* LeaderDojoMacTests.xctest */;
			productType = "com.apple.product-type.bundle.unit-test";
		};
		430C0B2A2ED95F380035BE62 /* LeaderDojoMacUITests */ = {
			isa = PBXNativeTarget;
			buildConfigurationList = 430C0B3B2ED95F380035BE62 /* Build configuration list for PBXNativeTarget "LeaderDojoMacUITests" */;
			buildPhases = (
				430C0B272ED95F380035BE62 /* Sources */,
				430C0B282ED95F380035BE62 /* Frameworks */,
				430C0B292ED95F380035BE62 /* Resources */,
			);
			buildRules = (
			);
			dependencies = (
				430C0B2D2ED95F380035BE62 /* PBXTargetDependency */,
			);
			fileSystemSynchronizedGroups = (
				430C0B2E2ED95F380035BE62 /* LeaderDojoMacUITests */,
			);
			name = LeaderDojoMacUITests;
			packageProductDependencies = (
			);
			productName = LeaderDojoMacUITests;
			productReference = 430C0B2B2ED95F380035BE62 /* LeaderDojoMacUITests.xctest */;
			productType = "com.apple.product-type.bundle.ui-testing";
		};
/* End PBXNativeTarget section */

/* Begin PBXProject section */
		00A000000001 /* Project object */ = {
			isa = PBXProject;
			attributes = {
				BuildIndependentTargetsInParallel = 1;
				LastSwiftUpdateCheck = 2610;
				LastUpgradeCheck = 1500;
				TargetAttributes = {
					006000000001 = {
						CreatedOnToolsVersion = 15.0;
					};
					430C0B142ED95F370035BE62 = {
						CreatedOnToolsVersion = 26.1;
					};
					430C0B202ED95F380035BE62 = {
						CreatedOnToolsVersion = 26.1;
						TestTargetID = 430C0B142ED95F370035BE62;
					};
					430C0B2A2ED95F380035BE62 = {
						CreatedOnToolsVersion = 26.1;
						TestTargetID = 430C0B142ED95F370035BE62;
					};
				};
			};
			buildConfigurationList = 00B000000001 /* Build configuration list for PBXProject "LeaderDojo" */;
			compatibilityVersion = "Xcode 14.0";
			developmentRegion = en;
			hasScannedForEncodings = 0;
			knownRegions = (
				en,
				Base,
			);
			mainGroup = 005000000001;
			productRefGroup = 005000000003 /* Products */;
			projectDirPath = "";
			projectRoot = "";
			targets = (
				006000000001 /* LeaderDojo */,
				430C0B142ED95F370035BE62 /* LeaderDojoMac */,
				430C0B202ED95F380035BE62 /* LeaderDojoMacTests */,
				430C0B2A2ED95F380035BE62 /* LeaderDojoMacUITests */,
			);
		};
/* End PBXProject section */

/* Begin PBXResourcesBuildPhase section */
		009000000001 /* Resources */ = {
			isa = PBXResourcesBuildPhase;
			buildActionMask = 2147483647;
			files = (
			);
			runOnlyForDeploymentPostprocessing = 0;
		};
		430C0B132ED95F370035BE62 /* Resources */ = {
			isa = PBXResourcesBuildPhase;
			buildActionMask = 2147483647;
			files = (
			);
			runOnlyForDeploymentPostprocessing = 0;
		};
		430C0B1F2ED95F380035BE62 /* Resources */ = {
			isa = PBXResourcesBuildPhase;
			buildActionMask = 2147483647;
			files = (
			);
			runOnlyForDeploymentPostprocessing = 0;
		};
		430C0B292ED95F380035BE62 /* Resources */ = {
			isa = PBXResourcesBuildPhase;
			buildActionMask = 2147483647;
			files = (
			);
			runOnlyForDeploymentPostprocessing = 0;
		};
/* End PBXResourcesBuildPhase section */

/* Begin PBXSourcesBuildPhase section */
		008000000001 /* Sources */ = {
			isa = PBXSourcesBuildPhase;
			buildActionMask = 2147483647;
			files = (
				001000000001 /* LeaderDojoApp.swift in Sources */,
				001000000002 /* ContentView.swift in Sources */,
				001000000003 /* Project.swift in Sources */,
				001000000004 /* Entry.swift in Sources */,
				43EA48BC2ED97B5D0006D0E9 /* SharedComponents.swift in Sources */,
				001000000005 /* Commitment.swift in Sources */,
				43EA48B82ED97B440006D0E9 /* ActivityView.swift in Sources */,
				001000000006 /* Reflection.swift in Sources */,
				001000000007 /* DashboardView.swift in Sources */,
				001000000008 /* ProjectsListView.swift in Sources */,
				001000000009 /* ProjectDetailView.swift in Sources */,
				001000000010 /* NewEntryView.swift in Sources */,
				001000000011 /* EntryDetailView.swift in Sources */,
				43EA48BF2ED989710006D0E9 /* MarkdownText.swift in Sources */,
				001000000012 /* PrepBriefingView.swift in Sources */,
				001000000013 /* CommitmentsListView.swift in Sources */,
				001000000014 /* CommitmentDetailView.swift in Sources */,
				001000000015 /* ReflectionsListView.swift in Sources */,
				001000000016 /* NewReflectionView.swift in Sources */,
				001000000017 /* ReflectionDetailView.swift in Sources */,
				001000000018 /* CaptureView.swift in Sources */,
				001000000019 /* SettingsView.swift in Sources */,
				001000000020 /* AIService.swift in Sources */,
				001000000021 /* DataImportService.swift in Sources */,
				001000000022 /* KeychainManager.swift in Sources */,
				001000000023 /* Extensions.swift in Sources */,
			);
			runOnlyForDeploymentPostprocessing = 0;
		};
		430C0B112ED95F370035BE62 /* Sources */ = {
			isa = PBXSourcesBuildPhase;
			buildActionMask = 2147483647;
			files = (
				430C0B3C2ED961460035BE62 /* ContentView.swift in Sources */,
				430C0B422ED961850035BE62 /* ProjectsListView.swift in Sources */,
				430C0B432ED961850035BE62 /* ProjectDetailView.swift in Sources */,
				430C0B472ED961920035BE62 /* CommitmentsListView.swift in Sources */,
				43EA48BB2ED97B5D0006D0E9 /* SharedComponents.swift in Sources */,
				430C0B482ED961920035BE62 /* CommitmentDetailView.swift in Sources */,
				43EA48B72ED97B440006D0E9 /* ActivityView.swift in Sources */,
				430C0B3D2ED961680035BE62 /* Reflection.swift in Sources */,
				430C0B442ED9618B0035BE62 /* NewEntryView.swift in Sources */,
				430C0B452ED9618B0035BE62 /* PrepBriefingView.swift in Sources */,
				430C0B462ED9618B0035BE62 /* EntryDetailView.swift in Sources */,
				430C0B412ED9617E0035BE62 /* DashboardView.swift in Sources */,
				43EA48BE2ED989710006D0E9 /* MarkdownText.swift in Sources */,
				430C0B4C2ED9619F0035BE62 /* CaptureView.swift in Sources */,
				430C0B492ED961990035BE62 /* NewReflectionView.swift in Sources */,
				430C0B4A2ED961990035BE62 /* ReflectionsListView.swift in Sources */,
				430C0B4B2ED961990035BE62 /* ReflectionDetailView.swift in Sources */,
				430C0B3E2ED961680035BE62 /* Commitment.swift in Sources */,
				430C0B502ED961B70035BE62 /* KeychainManager.swift in Sources */,
				430C0B512ED961B70035BE62 /* Extensions.swift in Sources */,
				430C0B3F2ED961680035BE62 /* Project.swift in Sources */,
				430C0B4E2ED961B00035BE62 /* AIService.swift in Sources */,
				430C0B4F2ED961B00035BE62 /* DataImportService.swift in Sources */,
				430C0B402ED961680035BE62 /* Entry.swift in Sources */,
				430C0B4D2ED961A50035BE62 /* SettingsView.swift in Sources */,
			);
			runOnlyForDeploymentPostprocessing = 0;
		};
		430C0B1D2ED95F380035BE62 /* Sources */ = {
			isa = PBXSourcesBuildPhase;
			buildActionMask = 2147483647;
			files = (
			);
			runOnlyForDeploymentPostprocessing = 0;
		};
		430C0B272ED95F380035BE62 /* Sources */ = {
			isa = PBXSourcesBuildPhase;
			buildActionMask = 2147483647;
			files = (
			);
			runOnlyForDeploymentPostprocessing = 0;
		};
/* End PBXSourcesBuildPhase section */

/* Begin PBXTargetDependency section */
		430C0B232ED95F380035BE62 /* PBXTargetDependency */ = {
			isa = PBXTargetDependency;
			target = 430C0B142ED95F370035BE62 /* LeaderDojoMac */;
			targetProxy = 430C0B222ED95F380035BE62 /* PBXContainerItemProxy */;
		};
		430C0B2D2ED95F380035BE62 /* PBXTargetDependency */ = {
			isa = PBXTargetDependency;
			target = 430C0B142ED95F370035BE62 /* LeaderDojoMac */;
			targetProxy = 430C0B2C2ED95F380035BE62 /* PBXContainerItemProxy */;
		};
/* End PBXTargetDependency section */

/* Begin XCBuildConfiguration section */
		00C000000001 /* Debug */ = {
			isa = XCBuildConfiguration;
			buildSettings = {
				ALWAYS_SEARCH_USER_PATHS = NO;
				ASSETCATALOG_COMPILER_GENERATE_SWIFT_ASSET_SYMBOL_EXTENSIONS = YES;
				CLANG_ANALYZER_NONNULL = YES;
				CLANG_ANALYZER_NUMBER_OBJECT_CONVERSION = YES_AGGRESSIVE;
				CLANG_CXX_LANGUAGE_STANDARD = "gnu++20";
				CLANG_ENABLE_MODULES = YES;
				CLANG_ENABLE_OBJC_ARC = YES;
				CLANG_ENABLE_OBJC_WEAK = YES;
				CLANG_WARN_BLOCK_CAPTURE_AUTORELEASING = YES;
				CLANG_WARN_BOOL_CONVERSION = YES;
				CLANG_WARN_COMMA = YES;
				CLANG_WARN_CONSTANT_CONVERSION = YES;
				CLANG_WARN_DEPRECATED_OBJC_IMPLEMENTATIONS = YES;
				CLANG_WARN_DIRECT_OBJC_ISA_USAGE = YES_ERROR;
				CLANG_WARN_DOCUMENTATION_COMMENTS = YES;
				CLANG_WARN_EMPTY_BODY = YES;
				CLANG_WARN_ENUM_CONVERSION = YES;
				CLANG_WARN_INFINITE_RECURSION = YES;
				CLANG_WARN_INT_CONVERSION = YES;
				CLANG_WARN_NON_LITERAL_NULL_CONVERSION = YES;
				CLANG_WARN_OBJC_IMPLICIT_RETAIN_SELF = YES;
				CLANG_WARN_OBJC_LITERAL_CONVERSION = YES;
				CLANG_WARN_OBJC_ROOT_CLASS = YES_ERROR;
				CLANG_WARN_QUOTED_INCLUDE_IN_FRAMEWORK_HEADER = YES;
				CLANG_WARN_RANGE_LOOP_ANALYSIS = YES;
				CLANG_WARN_STRICT_PROTOTYPES = YES;
				CLANG_WARN_SUSPICIOUS_MOVE = YES;
				CLANG_WARN_UNGUARDED_AVAILABILITY = YES_AGGRESSIVE;
				CLANG_WARN_UNREACHABLE_CODE = YES;
				CLANG_WARN__DUPLICATE_METHOD_MATCH = YES;
				COPY_PHASE_STRIP = NO;
				DEBUG_INFORMATION_FORMAT = dwarf;
				ENABLE_STRICT_OBJC_MSGSEND = YES;
				ENABLE_TESTABILITY = YES;
				ENABLE_USER_SCRIPT_SANDBOXING = YES;
				GCC_C_LANGUAGE_STANDARD = gnu17;
				GCC_DYNAMIC_NO_PIC = NO;
				GCC_NO_COMMON_BLOCKS = YES;
				GCC_OPTIMIZATION_LEVEL = 0;
				GCC_PREPROCESSOR_DEFINITIONS = (
					"DEBUG=1",
					"$(inherited)",
				);
				GCC_WARN_64_TO_32_BIT_CONVERSION = YES;
				GCC_WARN_ABOUT_RETURN_TYPE = YES_ERROR;
				GCC_WARN_UNDECLARED_SELECTOR = YES;
				GCC_WARN_UNINITIALIZED_AUTOS = YES_AGGRESSIVE;
				GCC_WARN_UNUSED_FUNCTION = YES;
				GCC_WARN_UNUSED_VARIABLE = YES;
				LOCALIZATION_PREFERS_STRING_CATALOGS = YES;
				MTL_ENABLE_DEBUG_INFO = INCLUDE_SOURCE;
				MTL_FAST_MATH = YES;
				ONLY_ACTIVE_ARCH = YES;
				SWIFT_ACTIVE_COMPILATION_CONDITIONS = "DEBUG $(inherited)";
				SWIFT_OPTIMIZATION_LEVEL = "-Onone";
			};
			name = Debug;
		};
		00C000000002 /* Release */ = {
			isa = XCBuildConfiguration;
			buildSettings = {
				ALWAYS_SEARCH_USER_PATHS = NO;
				ASSETCATALOG_COMPILER_GENERATE_SWIFT_ASSET_SYMBOL_EXTENSIONS = YES;
				CLANG_ANALYZER_NONNULL = YES;
				CLANG_ANALYZER_NUMBER_OBJECT_CONVERSION = YES_AGGRESSIVE;
				CLANG_CXX_LANGUAGE_STANDARD = "gnu++20";
				CLANG_ENABLE_MODULES = YES;
				CLANG_ENABLE_OBJC_ARC = YES;
				CLANG_ENABLE_OBJC_WEAK = YES;
				CLANG_WARN_BLOCK_CAPTURE_AUTORELEASING = YES;
				CLANG_WARN_BOOL_CONVERSION = YES;
				CLANG_WARN_COMMA = YES;
				CLANG_WARN_CONSTANT_CONVERSION = YES;
				CLANG_WARN_DEPRECATED_OBJC_IMPLEMENTATIONS = YES;
				CLANG_WARN_DIRECT_OBJC_ISA_USAGE = YES_ERROR;
				CLANG_WARN_DOCUMENTATION_COMMENTS = YES;
				CLANG_WARN_EMPTY_BODY = YES;
				CLANG_WARN_ENUM_CONVERSION = YES;
				CLANG_WARN_INFINITE_RECURSION = YES;
				CLANG_WARN_INT_CONVERSION = YES;
				CLANG_WARN_NON_LITERAL_NULL_CONVERSION = YES;
				CLANG_WARN_OBJC_IMPLICIT_RETAIN_SELF = YES;
				CLANG_WARN_OBJC_LITERAL_CONVERSION = YES;
				CLANG_WARN_OBJC_ROOT_CLASS = YES_ERROR;
				CLANG_WARN_QUOTED_INCLUDE_IN_FRAMEWORK_HEADER = YES;
				CLANG_WARN_RANGE_LOOP_ANALYSIS = YES;
				CLANG_WARN_STRICT_PROTOTYPES = YES;
				CLANG_WARN_SUSPICIOUS_MOVE = YES;
				CLANG_WARN_UNGUARDED_AVAILABILITY = YES_AGGRESSIVE;
				CLANG_WARN_UNREACHABLE_CODE = YES;
				CLANG_WARN__DUPLICATE_METHOD_MATCH = YES;
				COPY_PHASE_STRIP = NO;
				DEBUG_INFORMATION_FORMAT = "dwarf-with-dsym";
				ENABLE_NS_ASSERTIONS = NO;
				ENABLE_STRICT_OBJC_MSGSEND = YES;
				ENABLE_USER_SCRIPT_SANDBOXING = YES;
				GCC_C_LANGUAGE_STANDARD = gnu17;
				GCC_NO_COMMON_BLOCKS = YES;
				GCC_WARN_64_TO_32_BIT_CONVERSION = YES;
				GCC_WARN_ABOUT_RETURN_TYPE = YES_ERROR;
				GCC_WARN_UNDECLARED_SELECTOR = YES;
				GCC_WARN_UNINITIALIZED_AUTOS = YES_AGGRESSIVE;
				GCC_WARN_UNUSED_FUNCTION = YES;
				GCC_WARN_UNUSED_VARIABLE = YES;
				LOCALIZATION_PREFERS_STRING_CATALOGS = YES;
				MTL_ENABLE_DEBUG_INFO = NO;
				MTL_FAST_MATH = YES;
				SWIFT_COMPILATION_MODE = wholemodule;
			};
			name = Release;
		};
		00D000000001 /* Debug */ = {
			isa = XCBuildConfiguration;
			buildSettings = {
				ASSETCATALOG_COMPILER_APPICON_NAME = AppIcon;
				ASSETCATALOG_COMPILER_GLOBAL_ACCENT_COLOR_NAME = AccentColor;
				CODE_SIGN_ENTITLEMENTS = LeaderDojo.entitlements;
				CODE_SIGN_STYLE = Automatic;
				CURRENT_PROJECT_VERSION = 1;
				DEVELOPMENT_TEAM = 8M9N7XR977;
				ENABLE_PREVIEWS = YES;
				GENERATE_INFOPLIST_FILE = YES;
				INFOPLIST_FILE = Info.plist;
				INFOPLIST_KEY_CFBundleDisplayName = "Leader Dojo";
				INFOPLIST_KEY_LSApplicationCategoryType = "public.app-category.productivity";
				INFOPLIST_KEY_UIApplicationSceneManifest_Generation = YES;
				INFOPLIST_KEY_UIApplicationSupportsIndirectInputEvents = YES;
				INFOPLIST_KEY_UILaunchScreen_Generation = YES;
				INFOPLIST_KEY_UISupportedInterfaceOrientations_iPad = "UIInterfaceOrientationPortrait UIInterfaceOrientationPortraitUpsideDown UIInterfaceOrientationLandscapeLeft UIInterfaceOrientationLandscapeRight";
				INFOPLIST_KEY_UISupportedInterfaceOrientations_iPhone = "UIInterfaceOrientationPortrait UIInterfaceOrientationLandscapeLeft UIInterfaceOrientationLandscapeRight";
				IPHONEOS_DEPLOYMENT_TARGET = 17.0;
				LD_RUNPATH_SEARCH_PATHS = (
					"$(inherited)",
					"@executable_path/Frameworks",
				);
				MARKETING_VERSION = 1.0;
				NEW_SETTING = "";
				PRODUCT_BUNDLE_IDENTIFIER = com.joinleaderdojo.app;
				PRODUCT_NAME = "$(TARGET_NAME)";
				SDKROOT = iphoneos;
				SUPPORTED_PLATFORMS = "iphoneos iphonesimulator";
				SUPPORTS_MACCATALYST = NO;
				SUPPORTS_MAC_DESIGNED_FOR_IPHONE_IPAD = NO;
				SWIFT_EMIT_LOC_STRINGS = YES;
				SWIFT_VERSION = 5.0;
				TARGETED_DEVICE_FAMILY = "1,2";
			};
			name = Debug;
		};
		00D000000002 /* Release */ = {
			isa = XCBuildConfiguration;
			buildSettings = {
				ASSETCATALOG_COMPILER_APPICON_NAME = AppIcon;
				ASSETCATALOG_COMPILER_GLOBAL_ACCENT_COLOR_NAME = AccentColor;
				CODE_SIGN_ENTITLEMENTS = LeaderDojo.entitlements;
				CODE_SIGN_STYLE = Automatic;
				CURRENT_PROJECT_VERSION = 1;
				DEVELOPMENT_TEAM = 8M9N7XR977;
				ENABLE_PREVIEWS = YES;
				GENERATE_INFOPLIST_FILE = YES;
				INFOPLIST_FILE = Info.plist;
				INFOPLIST_KEY_CFBundleDisplayName = "Leader Dojo";
				INFOPLIST_KEY_LSApplicationCategoryType = "public.app-category.productivity";
				INFOPLIST_KEY_UIApplicationSceneManifest_Generation = YES;
				INFOPLIST_KEY_UIApplicationSupportsIndirectInputEvents = YES;
				INFOPLIST_KEY_UILaunchScreen_Generation = YES;
				INFOPLIST_KEY_UISupportedInterfaceOrientations_iPad = "UIInterfaceOrientationPortrait UIInterfaceOrientationPortraitUpsideDown UIInterfaceOrientationLandscapeLeft UIInterfaceOrientationLandscapeRight";
				INFOPLIST_KEY_UISupportedInterfaceOrientations_iPhone = "UIInterfaceOrientationPortrait UIInterfaceOrientationLandscapeLeft UIInterfaceOrientationLandscapeRight";
				IPHONEOS_DEPLOYMENT_TARGET = 17.0;
				LD_RUNPATH_SEARCH_PATHS = (
					"$(inherited)",
					"@executable_path/Frameworks",
				);
				MARKETING_VERSION = 1.0;
				NEW_SETTING = "";
				PRODUCT_BUNDLE_IDENTIFIER = com.joinleaderdojo.app;
				PRODUCT_NAME = "$(TARGET_NAME)";
				SDKROOT = iphoneos;
				SUPPORTED_PLATFORMS = "iphoneos iphonesimulator";
				SUPPORTS_MACCATALYST = NO;
				SUPPORTS_MAC_DESIGNED_FOR_IPHONE_IPAD = NO;
				SWIFT_EMIT_LOC_STRINGS = YES;
				SWIFT_VERSION = 5.0;
				TARGETED_DEVICE_FAMILY = "1,2";
			};
			name = Release;
		};
		430C0B332ED95F380035BE62 /* Debug */ = {
			isa = XCBuildConfiguration;
			buildSettings = {
				ASSETCATALOG_COMPILER_APPICON_NAME = AppIcon;
				ASSETCATALOG_COMPILER_GLOBAL_ACCENT_COLOR_NAME = AccentColor;
				CODE_SIGN_ENTITLEMENTS = LeaderDojo.entitlements;
				CODE_SIGN_IDENTITY = "Apple Development";
				"CODE_SIGN_IDENTITY[sdk=macosx*]" = "Mac Developer";
				CODE_SIGN_STYLE = Manual;
				COMBINE_HIDPI_IMAGES = YES;
				CURRENT_PROJECT_VERSION = 1;
				DEVELOPMENT_TEAM = "";
				"DEVELOPMENT_TEAM[sdk=macosx*]" = 8M9N7XR977;
				ENABLE_APP_SANDBOX = YES;
				ENABLE_HARDENED_RUNTIME = YES;
				ENABLE_PREVIEWS = YES;
				ENABLE_USER_SELECTED_FILES = readonly;
				GENERATE_INFOPLIST_FILE = YES;
				INFOPLIST_KEY_NSHumanReadableCopyright = "";
				LD_RUNPATH_SEARCH_PATHS = (
					"$(inherited)",
					"@executable_path/../Frameworks",
				);
				MACOSX_DEPLOYMENT_TARGET = 26.1;
				MARKETING_VERSION = 1.0;
				PRODUCT_BUNDLE_IDENTIFIER = com.eventalyllc.LeaderDojoMac;
				PRODUCT_NAME = "$(TARGET_NAME)";
				PROVISIONING_PROFILE_SPECIFIER = "";
				"PROVISIONING_PROFILE_SPECIFIER[sdk=macosx*]" = leaderdojo_mac_dev;
				REGISTER_APP_GROUPS = YES;
				SDKROOT = macosx;
				STRING_CATALOG_GENERATE_SYMBOLS = YES;
				SWIFT_APPROACHABLE_CONCURRENCY = YES;
				SWIFT_DEFAULT_ACTOR_ISOLATION = MainActor;
				SWIFT_EMIT_LOC_STRINGS = YES;
				SWIFT_UPCOMING_FEATURE_MEMBER_IMPORT_VISIBILITY = YES;
				SWIFT_VERSION = 5.0;
			};
			name = Debug;
		};
		430C0B342ED95F380035BE62 /* Release */ = {
			isa = XCBuildConfiguration;
			buildSettings = {
				ASSETCATALOG_COMPILER_APPICON_NAME = AppIcon;
				ASSETCATALOG_COMPILER_GLOBAL_ACCENT_COLOR_NAME = AccentColor;
				CODE_SIGN_ENTITLEMENTS = LeaderDojo.entitlements;
				CODE_SIGN_IDENTITY = "Apple Development";
				"CODE_SIGN_IDENTITY[sdk=macosx*]" = "Mac Developer";
				CODE_SIGN_STYLE = Manual;
				COMBINE_HIDPI_IMAGES = YES;
				CURRENT_PROJECT_VERSION = 1;
				DEVELOPMENT_TEAM = "";
				"DEVELOPMENT_TEAM[sdk=macosx*]" = 8M9N7XR977;
				ENABLE_APP_SANDBOX = YES;
				ENABLE_HARDENED_RUNTIME = YES;
				ENABLE_PREVIEWS = YES;
				ENABLE_USER_SELECTED_FILES = readonly;
				GENERATE_INFOPLIST_FILE = YES;
				INFOPLIST_KEY_NSHumanReadableCopyright = "";
				LD_RUNPATH_SEARCH_PATHS = (
					"$(inherited)",
					"@executable_path/../Frameworks",
				);
				MACOSX_DEPLOYMENT_TARGET = 26.1;
				MARKETING_VERSION = 1.0;
				PRODUCT_BUNDLE_IDENTIFIER = com.eventalyllc.LeaderDojoMac;
				PRODUCT_NAME = "$(TARGET_NAME)";
				PROVISIONING_PROFILE_SPECIFIER = "";
				"PROVISIONING_PROFILE_SPECIFIER[sdk=macosx*]" = leaderdojo_mac_dev;
				REGISTER_APP_GROUPS = YES;
				SDKROOT = macosx;
				STRING_CATALOG_GENERATE_SYMBOLS = YES;
				SWIFT_APPROACHABLE_CONCURRENCY = YES;
				SWIFT_DEFAULT_ACTOR_ISOLATION = MainActor;
				SWIFT_EMIT_LOC_STRINGS = YES;
				SWIFT_UPCOMING_FEATURE_MEMBER_IMPORT_VISIBILITY = YES;
				SWIFT_VERSION = 5.0;
			};
			name = Release;
		};
		430C0B352ED95F380035BE62 /* Debug */ = {
			isa = XCBuildConfiguration;
			buildSettings = {
				BUNDLE_LOADER = "$(TEST_HOST)";
				CODE_SIGN_STYLE = Automatic;
				CURRENT_PROJECT_VERSION = 1;
				DEVELOPMENT_TEAM = 8M9N7XR977;
				GENERATE_INFOPLIST_FILE = YES;
				MACOSX_DEPLOYMENT_TARGET = 26.1;
				MARKETING_VERSION = 1.0;
				PRODUCT_BUNDLE_IDENTIFIER = com.eventalyllc.LeaderDojoMacTests;
				PRODUCT_NAME = "$(TARGET_NAME)";
				SDKROOT = macosx;
				STRING_CATALOG_GENERATE_SYMBOLS = NO;
				SWIFT_APPROACHABLE_CONCURRENCY = YES;
				SWIFT_EMIT_LOC_STRINGS = NO;
				SWIFT_UPCOMING_FEATURE_MEMBER_IMPORT_VISIBILITY = YES;
				SWIFT_VERSION = 5.0;
				TEST_HOST = "$(BUILT_PRODUCTS_DIR)/LeaderDojoMac.app/$(BUNDLE_EXECUTABLE_FOLDER_PATH)/LeaderDojoMac";
			};
			name = Debug;
		};
		430C0B362ED95F380035BE62 /* Release */ = {
			isa = XCBuildConfiguration;
			buildSettings = {
				BUNDLE_LOADER = "$(TEST_HOST)";
				CODE_SIGN_STYLE = Automatic;
				CURRENT_PROJECT_VERSION = 1;
				DEVELOPMENT_TEAM = 8M9N7XR977;
				GENERATE_INFOPLIST_FILE = YES;
				MACOSX_DEPLOYMENT_TARGET = 26.1;
				MARKETING_VERSION = 1.0;
				PRODUCT_BUNDLE_IDENTIFIER = com.eventalyllc.LeaderDojoMacTests;
				PRODUCT_NAME = "$(TARGET_NAME)";
				SDKROOT = macosx;
				STRING_CATALOG_GENERATE_SYMBOLS = NO;
				SWIFT_APPROACHABLE_CONCURRENCY = YES;
				SWIFT_EMIT_LOC_STRINGS = NO;
				SWIFT_UPCOMING_FEATURE_MEMBER_IMPORT_VISIBILITY = YES;
				SWIFT_VERSION = 5.0;
				TEST_HOST = "$(BUILT_PRODUCTS_DIR)/LeaderDojoMac.app/$(BUNDLE_EXECUTABLE_FOLDER_PATH)/LeaderDojoMac";
			};
			name = Release;
		};
		430C0B372ED95F380035BE62 /* Debug */ = {
			isa = XCBuildConfiguration;
			buildSettings = {
				CODE_SIGN_STYLE = Automatic;
				CURRENT_PROJECT_VERSION = 1;
				DEVELOPMENT_TEAM = 8M9N7XR977;
				GENERATE_INFOPLIST_FILE = YES;
				MACOSX_DEPLOYMENT_TARGET = 26.1;
				MARKETING_VERSION = 1.0;
				PRODUCT_BUNDLE_IDENTIFIER = com.eventalyllc.LeaderDojoMacUITests;
				PRODUCT_NAME = "$(TARGET_NAME)";
				SDKROOT = macosx;
				STRING_CATALOG_GENERATE_SYMBOLS = NO;
				SWIFT_APPROACHABLE_CONCURRENCY = YES;
				SWIFT_EMIT_LOC_STRINGS = NO;
				SWIFT_UPCOMING_FEATURE_MEMBER_IMPORT_VISIBILITY = YES;
				SWIFT_VERSION = 5.0;
				TEST_TARGET_NAME = LeaderDojoMac;
			};
			name = Debug;
		};
		430C0B382ED95F380035BE62 /* Release */ = {
			isa = XCBuildConfiguration;
			buildSettings = {
				CODE_SIGN_STYLE = Automatic;
				CURRENT_PROJECT_VERSION = 1;
				DEVELOPMENT_TEAM = 8M9N7XR977;
				GENERATE_INFOPLIST_FILE = YES;
				MACOSX_DEPLOYMENT_TARGET = 26.1;
				MARKETING_VERSION = 1.0;
				PRODUCT_BUNDLE_IDENTIFIER = com.eventalyllc.LeaderDojoMacUITests;
				PRODUCT_NAME = "$(TARGET_NAME)";
				SDKROOT = macosx;
				STRING_CATALOG_GENERATE_SYMBOLS = NO;
				SWIFT_APPROACHABLE_CONCURRENCY = YES;
				SWIFT_EMIT_LOC_STRINGS = NO;
				SWIFT_UPCOMING_FEATURE_MEMBER_IMPORT_VISIBILITY = YES;
				SWIFT_VERSION = 5.0;
				TEST_TARGET_NAME = LeaderDojoMac;
			};
			name = Release;
		};
/* End XCBuildConfiguration section */

/* Begin XCConfigurationList section */
		007000000001 /* Build configuration list for PBXNativeTarget "LeaderDojo" */ = {
			isa = XCConfigurationList;
			buildConfigurations = (
				00D000000001 /* Debug */,
				00D000000002 /* Release */,
			);
			defaultConfigurationIsVisible = 0;
			defaultConfigurationName = Release;
		};
		00B000000001 /* Build configuration list for PBXProject "LeaderDojo" */ = {
			isa = XCConfigurationList;
			buildConfigurations = (
				00C000000001 /* Debug */,
				00C000000002 /* Release */,
			);
			defaultConfigurationIsVisible = 0;
			defaultConfigurationName = Release;
		};
		430C0B392ED95F380035BE62 /* Build configuration list for PBXNativeTarget "LeaderDojoMac" */ = {
			isa = XCConfigurationList;
			buildConfigurations = (
				430C0B332ED95F380035BE62 /* Debug */,
				430C0B342ED95F380035BE62 /* Release */,
			);
			defaultConfigurationIsVisible = 0;
			defaultConfigurationName = Release;
		};
		430C0B3A2ED95F380035BE62 /* Build configuration list for PBXNativeTarget "LeaderDojoMacTests" */ = {
			isa = XCConfigurationList;
			buildConfigurations = (
				430C0B352ED95F380035BE62 /* Debug */,
				430C0B362ED95F380035BE62 /* Release */,
			);
			defaultConfigurationIsVisible = 0;
			defaultConfigurationName = Release;
		};
		430C0B3B2ED95F380035BE62 /* Build configuration list for PBXNativeTarget "LeaderDojoMacUITests" */ = {
			isa = XCConfigurationList;
			buildConfigurations = (
				430C0B372ED95F380035BE62 /* Debug */,
				430C0B382ED95F380035BE62 /* Release */,
			);
			defaultConfigurationIsVisible = 0;
			defaultConfigurationName = Release;
		};
/* End XCConfigurationList section */
	};
	rootObject = 00A000000001 /* Project object */;
}
